
Microsoft Visual Studio Solution File, Format Version 12.00
# Visual Studio Version 17
VisualStudioVersion = 17.11.35431.28
MinimumVisualStudioVersion = 10.0.40219.1
Project("{FAE04EC0-301F-11D3-BF4B-00C04F79EFBC}") = "MovieList", "MovieList.csproj", "{A54D6A1D-6822-44D1-9CBE-B459B9826BBE}"
EndProject
Global
	GlobalSection(SolutionConfigurationPlatforms) = preSolution
		Debug|Any CPU = Debug|Any CPU
		Release|Any CPU = Release|Any CPU
	EndGlobalSection
	GlobalSection(ProjectConfigurationPlatforms) = postSolution
		{A54D6A1D-6822-44D1-9CBE-B459B9826BBE}.Debug|Any CPU.ActiveCfg = Debug|Any CPU
		{A54D6A1D-6822-44D1-9CBE-B459B9826BBE}.Debug|Any CPU.Build.0 = Debug|Any CPU
		{A54D6A1D-6822-44D1-9CBE-B459B9826BBE}.Release|Any CPU.ActiveCfg = Release|Any CPU
		{A54D6A1D-6822-44D1-9CBE-B459B9826BBE}.Release|Any CPU.Build.0 = Release|Any CPU
	EndGlobalSection
	GlobalSection(SolutionProperties) = preSolution
		HideSolutionNode = FALSE
	EndGlobalSection
	GlobalSection(ExtensibilityGlobals) = postSolution
		SolutionGuid = {62C88103-39D6-49B9-9069-61152DE27D67}
	EndGlobalSection
EndGlobal
