
Microsoft Visual Studio Solution File, Format Version 12.00
# Visual Studio Version 17
VisualStudioVersion = 17.11.35312.102
MinimumVisualStudioVersion = 10.0.40219.1
Project("{FAE04EC0-301F-11D3-BF4B-00C04F79EFBC}") = "TodoApi", "TodoApi.csproj", "{ABB7B6DB-5C90-4BEB-B18D-B4D4A0AE8EC5}"
EndProject
Global
	GlobalSection(SolutionConfigurationPlatforms) = preSolution
		Debug|Any CPU = Debug|Any CPU
		Release|Any CPU = Release|Any CPU
	EndGlobalSection
	GlobalSection(ProjectConfigurationPlatforms) = postSolution
		{ABB7B6DB-5C90-4BEB-B18D-B4D4A0AE8EC5}.Debug|Any CPU.ActiveCfg = Debug|Any CPU
		{ABB7B6DB-5C90-4BEB-B18D-B4D4A0AE8EC5}.Debug|Any CPU.Build.0 = Debug|Any CPU
		{ABB7B6DB-5C90-4BEB-B18D-B4D4A0AE8EC5}.Release|Any CPU.ActiveCfg = Release|Any CPU
		{ABB7B6DB-5C90-4BEB-B18D-B4D4A0AE8EC5}.Release|Any CPU.Build.0 = Release|Any CPU
	EndGlobalSection
	GlobalSection(SolutionProperties) = preSolution
		HideSolutionNode = FALSE
	EndGlobalSection
	GlobalSection(ExtensibilityGlobals) = postSolution
		SolutionGuid = {E74E07EF-892D-402E-8962-1477DCCAE6ED}
	EndGlobalSection
EndGlobal
